version = 1
revision = 3
requires-python = ">=3.12"

[manifest]
requirements = [
    { name = "geovars", extras = ["pipeline", "catalog"], git = "file:///workspace?subdirectory=geovars&rev=88563658d3fb27a71286f3cb047bdcfdfb10ad31" },
    { name = "pystac", specifier = "==1.15.1" },
    { name = "python-dotenv", specifier = "==1.2.2" },
]

[[package]]
name = "boto3"
version = "1.43.54"
source = { registry = "https://pypi.org/simple" }
dependencies = [
    { name = "botocore" },
    { name = "jmespath" },
    { name = "s3transfer" },
]
sdist = { url = "https://files.pythonhosted.org/packages/34/1b/497945d5e1fdacebbc7eacd6fa0c29c9a929ebb24cb5da5b61a434c6771e/boto3-1.43.54.tar.gz", hash = "sha256:3fe21f37f5b34e00fc360190f363229cef425f3c0e80a6f2b6a52f6501c3ec90", size = 112660, upload-time = "2026-07-22T19:30:53.92Z" }
wheels = [
    { url = "https://files.pythonhosted.org/packages/c5/96/9ed374cee1431e9837a721a107f44b8b7f2b17c9c9fc3bacb479057c6e0f/boto3-1.43.54-py3-none-any.whl", hash = "sha256:8353beda3ce4037758b24ab6bce7162e6cc084fd14c88637956d208d76cee244", size = 140025, upload-time = "2026-07-22T19:30:52.119Z" },
]

[[package]]
name = "botocore"
version = "1.43.54"
source = { registry = "https://pypi.org/simple" }
dependencies = [
    { name = "jmespath" },
    { name = "python-dateutil" },
    { name = "urllib3" },
]
sdist = { url = "https://files.pythonhosted.org/packages/0f/44/70c8ce96d8da4573dbd0008abe940de4b19e25c0a5bffcbda3b3d1061b3b/botocore-1.43.54.tar.gz", hash = "sha256:5b58969503eda747e0b69c33735edfc02dab3d31fe3bba87dd83ea787152ffa4", size = 15727582, upload-time = "2026-07-22T19:30:40.259Z" }
wheels = [
    { url = "https://files.pythonhosted.org/packages/31/12/35df5617a133a2af6f03b6e66d76e0ca283cc4a5be0c0bddb7bf836d4534/botocore-1.43.54-py3-none-any.whl", hash = "sha256:22b447e6c5e295d610a00df262efdffb062805d293c00e94f52a4cd3fe9d391d", size = 15410626, upload-time = "2026-07-22T19:30:36.053Z" },
]

[[package]]
name = "cloudpathlib"
version = "0.24.0"
source = { registry = "https://pypi.org/simple" }
sdist = { url = "https://files.pythonhosted.org/packages/06/19/58bc6b5d7d0f81c7209b05445af477e147c486552f96665a5912211839b9/cloudpathlib-0.24.0.tar.gz", hash = "sha256:c521a984e77b47e656fe78e20a7e3e260e0ab45fc69e33ac01094227c979e34a", size = 53600, upload-time = "2026-04-30T00:54:43.265Z" }
wheels = [
    { url = "https://files.pythonhosted.org/packages/c2/5b/ba933f896d9b0b07608d575a8501e2b4e32166b60d84c430a4a7285ebe64/cloudpathlib-0.24.0-py3-none-any.whl", hash = "sha256:b1c51e2d2ec7dc4fed6538991f4aea849d6cf11a7e6b9069f86e461aa1f9b5b4", size = 63214, upload-time = "2026-04-30T00:54:42.06Z" },
]

[package.optional-dependencies]
s3 = [
    { name = "boto3" },
]

[[package]]
name = "geovars"
version = "0.0.0"
source = { git = "file:///workspace?subdirectory=geovars&rev=88563658d3fb27a71286f3cb047bdcfdfb10ad31#88563658d3fb27a71286f3cb047bdcfdfb10ad31" }

[package.optional-dependencies]
catalog = [
    { name = "pystac" },
]
pipeline = [
    { name = "cloudpathlib", extra = ["s3"] },
    { name = "pystac" },
]

[[package]]
name = "jmespath"
version = "1.1.0"
source = { registry = "https://pypi.org/simple" }
sdist = { url = "https://files.pythonhosted.org/packages/d3/59/322338183ecda247fb5d1763a6cbe46eff7222eaeebafd9fa65d4bf5cb11/jmespath-1.1.0.tar.gz", hash = "sha256:472c87d80f36026ae83c6ddd0f1d05d4e510134ed462851fd5f754c8c3cbb88d", size = 27377, upload-time = "2026-01-22T16:35:26.279Z" }
wheels = [
    { url = "https://files.pythonhosted.org/packages/14/2f/967ba146e6d58cf6a652da73885f52fc68001525b4197effc174321d70b4/jmespath-1.1.0-py3-none-any.whl", hash = "sha256:a5663118de4908c91729bea0acadca56526eb2698e83de10cd116ae0f4e97c64", size = 20419, upload-time = "2026-01-22T16:35:24.919Z" },
]

[[package]]
name = "pystac"
version = "1.15.1"
source = { registry = "https://pypi.org/simple" }
dependencies = [
    { name = "pystac-core" },
    { name = "pystac-ext-classification" },
    { name = "pystac-ext-datacube" },
    { name = "pystac-ext-eo" },
    { name = "pystac-ext-file" },
    { name = "pystac-ext-grid" },
    { name = "pystac-ext-item-assets" },
    { name = "pystac-ext-label" },
    { name = "pystac-ext-mgrs" },
    { name = "pystac-ext-mlm" },
    { name = "pystac-ext-pointcloud" },
    { name = "pystac-ext-projection" },
    { name = "pystac-ext-raster" },
    { name = "pystac-ext-render" },
    { name = "pystac-ext-sar" },
    { name = "pystac-ext-sat" },
    { name = "pystac-ext-scientific" },
    { name = "pystac-ext-storage" },
    { name = "pystac-ext-table" },
    { name = "pystac-ext-timestamps" },
    { name = "pystac-ext-version" },
    { name = "pystac-ext-view" },
    { name = "pystac-ext-xarray-assets" },
]
sdist = { url = "https://files.pythonhosted.org/packages/e8/f8/d792facb89e85d1e7d7d94e819477296486e5d227c5b755fef827bc441c2/pystac-1.15.1.tar.gz", hash = "sha256:0975f78ac648b89f180378089fdd358006c0dc5d974db57c6f8fa81c4162f5d5", size = 5549, upload-time = "2026-06-30T21:48:54.603Z" }
wheels = [
    { url = "https://files.pythonhosted.org/packages/f0/7d/b3a4dd7f5c7873c4e884c26bd6fd7b7791036b31ef82bb5eca7f12c3acaa/pystac-1.15.1-py3-none-any.whl", hash = "sha256:3a1be7a1d819a3dadfa6612be0035fec62ceb38d64acdc9cef66649d03eb84da", size = 5079, upload-time = "2026-06-30T21:48:53.3Z" },
]

[[package]]
name = "pystac-core"
version = "1.15.1"
source = { registry = "https://pypi.org/simple" }
dependencies = [
    { name = "python-dateutil" },
]
sdist = { url = "https://files.pythonhosted.org/packages/73/74/8f95e14d899748d4c340783f9c45089e2a011075a480d332561d605af054/pystac_core-1.15.1.tar.gz", hash = "sha256:c24e50176035cc49b99a40a13da12115cab0b05c97ebac64c5e3ca8330d47b41", size = 95327, upload-time = "2026-06-30T21:49:04.044Z" }
wheels = [
    { url = "https://files.pythonhosted.org/packages/a1/4c/108088b03de051de59153ad52ff2ac586ff3b2b20a8f6546f19f91ba103c/pystac_core-1.15.1-py3-none-any.whl", hash = "sha256:69c504dd42da77e741f7f54f18a1deeb8122b8817a5aa2827767459a2f9cfae0", size = 119040, upload-time = "2026-06-30T21:49:02.763Z" },
]

[[package]]
name = "pystac-ext-classification"
version = "2.0.0"
source = { registry = "https://pypi.org/simple" }
dependencies = [
    { name = "pystac-core" },
]
sdist = { url = "https://files.pythonhosted.org/packages/e6/ef/4ae97a54de23f84f8ca9637a73efc42dfc343881a9ce159ff40f7dc5c5ce/pystac_ext_classification-2.0.0.tar.gz", hash = "sha256:b744d42eb74fa5038cf00896f3cf4fbb85b79cf208454b7401bd8219e491eb94", size = 21154, upload-time = "2026-06-25T15:49:41.6Z" }
wheels = [
    { url = "https://files.pythonhosted.org/packages/76/d3/f19b3e52938785e3540e5515ba0453291700729d7fa6863c6c07c3faf6bc/pystac_ext_classification-2.0.0-py3-none-any.whl", hash = "sha256:fe8c94fd83b2402cb314f608e835d45d70397614928d6cbb29b12d4728586abd", size = 7036, upload-time = "2026-06-25T15:49:40.585Z" },
]

[[package]]
name = "pystac-ext-datacube"
version = "2.2.0"
source = { registry = "https://pypi.org/simple" }
dependencies = [
    { name = "pystac-core" },
]
sdist = { url = "https://files.pythonhosted.org/packages/da/bc/77eb864cc837ce95c36b67b94f9b102ab6ecc6889a6c131a382f6c5afd08/pystac_ext_datacube-2.2.0.tar.gz", hash = "sha256:a64643cb826c3f2f169c7497b5e5ba218f0a1ababbbd3bad04c57f99df3a67c7", size = 22016, upload-time = "2026-06-25T15:49:43.776Z" }
wheels = [
    { url = "https://files.pythonhosted.org/packages/26/12/f988dea7251ba3bb089fa9012ebb459b1229b35da23eedf53a9a0e05faed/pystac_ext_datacube-2.2.0-py3-none-any.whl", hash = "sha256:823538db9751b6e7312a06ec9b6a74f98561830664f45ed43908bea73f624f16", size = 6824, upload-time = "2026-06-25T15:49:42.815Z" },
]

[[package]]
name = "pystac-ext-eo"
version = "1.1.0"
source = { registry = "https://pypi.org/simple" }
dependencies = [
    { name = "pystac-core" },
]
sdist = { url = "https://files.pythonhosted.org/packages/9c/f3/b15b8919d6849b4c94ddef1f3dcf12a6c69d3674d9f67e62ced31483f43e/pystac_ext_eo-1.1.0.tar.gz", hash = "sha256:c599b1f4a470eceefb745b26f4dabea05661e843d26c8c59f0d7343b6ac9ab35", size = 21113, upload-time = "2026-06-25T15:49:47.578Z" }
wheels = [
    { url = "https://files.pythonhosted.org/packages/59/39/6bc20044e0513bb290a871aba05608b945f261d294c2cdc78207e98a1938/pystac_ext_eo-1.1.0-py3-none-any.whl", hash = "sha256:ca367465d37bc65d9a4c0cd54c4a04a45deb9904d55ae2c1f37d11734cc38ca0", size = 7366, upload-time = "2026-06-25T15:49:46.629Z" },
]

[[package]]
name = "pystac-ext-file"
version = "2.1.0"
source = { registry = "https://pypi.org/simple" }
dependencies = [
    { name = "pystac-core" },
]
sdist = { url = "https://files.pythonhosted.org/packages/74/37/e8a111a9ba9547bd36a3a2cab3b6797115b57ed518d21b51d7447463ea5c/pystac_ext_file-2.1.0.tar.gz", hash = "sha256:93964df13550d0b016770774a6608728928f3a2c8d92ae03dc2f11bd76dbc6f0", size = 12979, upload-time = "2026-06-25T15:49:53.524Z" }
wheels = [
    { url = "https://files.pythonhosted.org/packages/d5/e1/2d5b893323fdc7ca64e58464f6eea91158d0dcfd76a1463c4d9390fcf34b/pystac_ext_file-2.1.0-py3-none-any.whl", hash = "sha256:90b91c82155f763143de2daf1aec37dd0e7f98da7f39f6636a4ede590be9f322", size = 5485, upload-time = "2026-06-25T15:49:52.11Z" },
]

[[package]]
name = "pystac-ext-grid"
version = "1.1.0"
source = { registry = "https://pypi.org/simple" }
dependencies = [
    { name = "pystac-core" },
]
sdist = { url = "https://files.pythonhosted.org/packages/2f/0f/a59e46a04e36668e9ae52da4493786f0a0af3513020551e784947ab9efe1/pystac_ext_grid-1.1.0.tar.gz", hash = "sha256:0b8855ff3ddb278bf6f2caf01bb857da50cf23bc322d0722f93b206b7f3673f6", size = 9086, upload-time = "2026-06-25T15:49:48.002Z" }
wheels = [
    { url = "https://files.pythonhosted.org/packages/b0/a4/43d317a422528090320166a908f9d110384d67ac2f30353a4a331e990151/pystac_ext_grid-1.1.0-py3-none-any.whl", hash = "sha256:6c8c804a07b4c1fc9dc4058a16d4ec18d7715883a183555c826d312830018db1", size = 3319, upload-time = "2026-06-25T15:49:46.927Z" },
]

[[package]]
name = "pystac-ext-item-assets"
version = "1.0.0"
source = { registry = "https://pypi.org/simple" }
dependencies = [
    { name = "pystac-core" },
]
sdist = { url = "https://files.pythonhosted.org/packages/ab/93/fd0d0251ac227b654dabffc15bafad69600c91edf0472d1bba48096cd1c5/pystac_ext_item_assets-1.0.0.tar.gz", hash = "sha256:63b063ae3b0c9508ad84aa06c85513fb2ca09f505ee2aed1a8a1f0c3a906d070", size = 3908, upload-time = "2026-06-25T15:49:56.02Z" }
wheels = [
    { url = "https://files.pythonhosted.org/packages/7e/63/eca6602e084b1bd764fe0c7e6e5efa351bb6ad5432aaab2a3d56cb1fdbc9/pystac_ext_item_assets-1.0.0-py3-none-any.whl", hash = "sha256:4dd61fcaeb861f1bd0c77299d9e3332865bfded44e061206fc0bb9fd8ce8d156", size = 3418, upload-time = "2026-06-25T15:49:54.905Z" },
]

[[package]]
name = "pystac-ext-label"
version = "1.0.1"
source = { registry = "https://pypi.org/simple" }
dependencies = [
    { name = "pystac-core" },
]
sdist = { url = "https://files.pythonhosted.org/packages/27/e4/b3c010715ec522735f5c5393f685cadf55a687b47c9084fe4ae82bd9c41c/pystac_ext_label-1.0.1.tar.gz", hash = "sha256:34e52bbc79d46a5a0f76833ce0f656de65b425a41ca362e705be68430196abc7", size = 8339, upload-time = "2026-06-25T15:49:51.709Z" }
wheels = [
    { url = "https://files.pythonhosted.org/packages/d9/f5/583b8f20f8c041fb3decb36ab4b5be703f64cc84883ef152373f9a075a99/pystac_ext_label-1.0.1-py3-none-any.whl", hash = "sha256:9b089b290ce953916cd087a86d108262cf74ca39d0f00e27af6eeaf1ab2be167", size = 7871, upload-time = "2026-06-25T15:49:50.341Z" },
]

[[package]]
name = "pystac-ext-mgrs"
version = "1.0.0"
source = { registry = "https://pypi.org/simple" }
dependencies = [
    { name = "pystac-core" },
]
sdist = { url = "https://files.pythonhosted.org/packages/97/d6/5f54dccb399f0246e12d5b2a9c1ca5269f1adcf993a3812ecf897663e004/pystac_ext_mgrs-1.0.0.tar.gz", hash = "sha256:31d79b288f2523640138aff1b12acd2b67d7a40b1822909a04700fb048861d11", size = 6610, upload-time = "2026-06-25T15:49:54.474Z" }
wheels = [
    { url = "https://files.pythonhosted.org/packages/62/c2/aa4c889ffbd5d95b9cbcb78163399feb51eae3968f387f87f26efef2bf59/pystac_ext_mgrs-1.0.0-py3-none-any.whl", hash = "sha256:4efe67b4dac4fb7c3057985a056e59275371c535d84c82d0a55f110f9144f9f0", size = 3849, upload-time = "2026-06-25T15:49:53.206Z" },
]

[[package]]
name = "pystac-ext-mlm"
version = "1.4.0"
source = { registry = "https://pypi.org/simple" }
dependencies = [
    { name = "pystac-core" },
]
sdist = { url = "https://files.pythonhosted.org/packages/df/5c/7b540355fc4be970f076047a222216f2af513870ebfca53c48242de5e078/pystac_ext_mlm-1.4.0.tar.gz", hash = "sha256:fdaf464e729071348b3921e908dbe3c2e1cce5d65153ee19995e2e7315e9edf9", size = 35919, upload-time = "2026-06-25T15:49:53.895Z" }
wheels = [
    { url = "https://files.pythonhosted.org/packages/85/65/a4f7b03201993bd647a3260d9b1663b1d0d28145d35bc69562334ef49a28/pystac_ext_mlm-1.4.0-py3-none-any.whl", hash = "sha256:69dac825477b7dd458ad5392aa72188377b267f267b6b28a60e883daed0ef252", size = 13599, upload-time = "2026-06-25T15:49:52.664Z" },
]

[[package]]
name = "pystac-ext-pointcloud"
version = "1.0.0"
source = { registry = "https://pypi.org/simple" }
dependencies = [
    { name = "pystac-core" },
]
sdist = { url = "https://files.pythonhosted.org/packages/14/51/cf14464aad24d1547dd0e5c06bcfba9627a0b0510d8ec147e17a7c90c2de/pystac_ext_pointcloud-1.0.0.tar.gz", hash = "sha256:92a4bc88fe6eb15ad27c75358b1dbf5bf40ded26df4cd6b8bfc16a4c9a838764", size = 12581, upload-time = "2026-06-25T15:49:59.857Z" }
wheels = [
    { url = "https://files.pythonhosted.org/packages/bb/e9/783c234f711661603c21c5c83c6cbb41efcb2cd0ca791cf27316498088b2/pystac_ext_pointcloud-1.0.0-py3-none-any.whl", hash = "sha256:3bc688b3da93dc0dbf91b357026eb7648ec3e49a3008003859648b80dfb55732", size = 6166, upload-time = "2026-06-25T15:49:58.81Z" },
]

[[package]]
name = "pystac-ext-projection"
version = "2.0.0"
source = { registry = "https://pypi.org/simple" }
dependencies = [
    { name = "pystac-core" },
]
sdist = { url = "https://files.pythonhosted.org/packages/ba/55/2d2230a5bb55d9e954338e71c5fd469ff63097532f2b45fa219f607c075a/pystac_ext_projection-2.0.0.tar.gz", hash = "sha256:72517587636c3d0f325cf11dfa75e0431570c6a13305bf53d0f95b2548deec1f", size = 72074, upload-time = "2026-06-25T15:50:02.03Z" }
wheels = [
    { url = "https://files.pythonhosted.org/packages/74/27/cede1d2f621f4c399ee2434072bf5a8bba0e3b0e3369547664f343e0ed84/pystac_ext_projection-2.0.0-py3-none-any.whl", hash = "sha256:892e9852a1a81cf1be1b79e3ad52e9b11f780143d3a75d67cde3e4fd31ec83e4", size = 7114, upload-time = "2026-06-25T15:50:00.785Z" },
]

[[package]]
name = "pystac-ext-raster"
version = "1.1.0"
source = { registry = "https://pypi.org/simple" }
dependencies = [
    { name = "pystac-core" },
]
sdist = { url = "https://files.pythonhosted.org/packages/2d/04/2459cd1a4b954fc3320594ef86e6f4379f15d0cf4a63259852fb4b4a9b5b/pystac_ext_raster-1.1.0.tar.gz", hash = "sha256:19dd7c993defe450fa90b3fd690f30a6191b701fc704f1626748bdb57d9da1ed", size = 30679, upload-time = "2026-06-25T15:50:05.636Z" }
wheels = [
    { url = "https://files.pythonhosted.org/packages/13/1e/9bced0383702b1ceb240a4aa4c32f0f4f76f6666325a7d35c3e499ef1104/pystac_ext_raster-1.1.0-py3-none-any.whl", hash = "sha256:07c312ae956d70ccdb1da7af67fc92793c2546ca8e26ca384013ebf5c674b410", size = 6567, upload-time = "2026-06-25T15:50:04.448Z" },
]

[[package]]
name = "pystac-ext-render"
version = "2.0.0"
source = { registry = "https://pypi.org/simple" }
dependencies = [
    { name = "pystac-core" },
]
sdist = { url = "https://files.pythonhosted.org/packages/fd/ba/e8711c8b46719f4d8e74fd73c5ae66fa5cd0b79e0dc7770d00bc1d14adcf/pystac_ext_render-2.0.0.tar.gz", hash = "sha256:ed53926d0af556c98d5f6bbfd86b8d02d635df24b70607f37f386cea7713b4f7", size = 9611, upload-time = "2026-06-25T15:50:00.903Z" }
wheels = [
    { url = "https://files.pythonhosted.org/packages/6e/63/3162c536d3f3cacf627b7a74915dc90abb10cf3baa5ed9b28b3b92b5914c/pystac_ext_render-2.0.0-py3-none-any.whl", hash = "sha256:69c3a8307d9528b8ae5baadde76dae9e546c19c1f4210a57daf235f8e9d9e427", size = 5020, upload-time = "2026-06-25T15:49:59.974Z" },
]

[[package]]
name = "pystac-ext-sar"
version = "1.0.0"
source = { registry = "https://pypi.org/simple" }
dependencies = [
    { name = "pystac-core" },
]
sdist = { url = "https://files.pythonhosted.org/packages/c8/30/e229a96be9e03157c92eb7f3bfafbd84702372bd1a7ed23e734094c48ead/pystac_ext_sar-1.0.0.tar.gz", hash = "sha256:0d49130fc55152f039f22ac843df35e1c5b2a1a667a4ee91d4a9c5b3ecd379ca", size = 11122, upload-time = "2026-06-25T15:50:01.836Z" }
wheels = [
    { url = "https://files.pythonhosted.org/packages/5c/75/8d62c8d697740c01c01d707446b53b332a466d6caf174187588000daa9a8/pystac_ext_sar-1.0.0-py3-none-any.whl", hash = "sha256:4b73d97e4c1cdba1c1d6cc1d69181fed31eefb0ec164500b636d6a8d8bca271c", size = 6262, upload-time = "2026-06-25T15:50:00.762Z" },
]

[[package]]
name = "pystac-ext-sat"
version = "1.0.0"
source = { registry = "https://pypi.org/simple" }
dependencies = [
    { name = "pystac-core" },
]
sdist = { url = "https://files.pythonhosted.org/packages/07/d7/0492bae1d417dc4990748183a950fd1e6acbc202a2b11bbb73cc75a37f34/pystac_ext_sat-1.0.0.tar.gz", hash = "sha256:2163b31d3044f9c2965abd9cb4144482813068ff9f99107a240eed06cf78bace", size = 9875, upload-time = "2026-06-25T15:50:12.336Z" }
wheels = [
    { url = "https://files.pythonhosted.org/packages/e0/ca/20d80d50b5108f649383568d3c103e9cc0cf12e53f283562f9dfc1774dd3/pystac_ext_sat-1.0.0-py3-none-any.whl", hash = "sha256:ee951eee24b47c576863bbf5890957b7094a6a2bb0ef8fc967a4d327dff571fd", size = 4576, upload-time = "2026-06-25T15:50:11.303Z" },
]

[[package]]
name = "pystac-ext-scientific"
version = "1.0.0"
source = { registry = "https://pypi.org/simple" }
dependencies = [
    { name = "pystac-core" },
]
sdist = { url = "https://files.pythonhosted.org/packages/ca/f6/1bf1ec97be09266a258f53620020573d8321956e390361daa81d0905b9ae/pystac_ext_scientific-1.0.0.tar.gz", hash = "sha256:b55128b7b2281c28dcfc3c00c008fe4391c84b47a7572c4770766f1e96eec5b5", size = 12764, upload-time = "2026-06-25T15:50:06.101Z" }
wheels = [
    { url = "https://files.pythonhosted.org/packages/e7/f7/cde7d45905f4f15449f142c7d6f81de488b3920bf3fb063b2382d1ffefba/pystac_ext_scientific-1.0.0-py3-none-any.whl", hash = "sha256:1f78efcd34a4b4344c70d80ddcde70785815e738455e3c1d35b5e843ca671207", size = 5174, upload-time = "2026-06-25T15:50:05.179Z" },
]

[[package]]
name = "pystac-ext-storage"
version = "2.0.0"
source = { registry = "https://pypi.org/simple" }
dependencies = [
    { name = "pystac-core" },
]
sdist = { url = "https://files.pythonhosted.org/packages/e9/dc/57f0dfa715f6bdc0de1830359969ffb019424838c875f899c011fdbf2af0/pystac_ext_storage-2.0.0.tar.gz", hash = "sha256:58b28988e49a188cc8ee09e8bc88440aec9985f0d3ccd295b6209215896e4250", size = 13063, upload-time = "2026-06-25T15:50:08.61Z" }
wheels = [
    { url = "https://files.pythonhosted.org/packages/3c/af/5aaa33cf912da18e178c7bc15633c3c9f1cc9a22efcad7f78964136e4e14/pystac_ext_storage-2.0.0-py3-none-any.whl", hash = "sha256:8f1d809a8f5efebe051450fcfce3ae13ef4c7ad9133b43b2a1f4df69e74645c2", size = 7353, upload-time = "2026-06-25T15:50:07.687Z" },
]

[[package]]
name = "pystac-ext-table"
version = "1.2.0"
source = { registry = "https://pypi.org/simple" }
dependencies = [
    { name = "pystac-core" },
]
sdist = { url = "https://files.pythonhosted.org/packages/ee/06/d4ad9edaf4bae2922cf86a6ac216375d530fa70e4f13bff28b52c595a2d1/pystac_ext_table-1.2.0.tar.gz", hash = "sha256:c7035db662272a84f1149e7d694c8409f85093cc056cdc655c06e9b9f5cefe37", size = 8003, upload-time = "2026-06-25T15:50:09.908Z" }
wheels = [
    { url = "https://files.pythonhosted.org/packages/9d/52/6209f65f1b4f966525486b7eb39f82f1cd0f8aae592e52c679b520e969ea/pystac_ext_table-1.2.0-py3-none-any.whl", hash = "sha256:461e8475eaee81190c36db818150e0b24d14d46b021f063a928ff6a0ee77a971", size = 4430, upload-time = "2026-06-25T15:50:08.808Z" },
]

[[package]]
name = "pystac-ext-timestamps"
version = "1.1.0"
source = { registry = "https://pypi.org/simple" }
dependencies = [
    { name = "pystac-core" },
]
sdist = { url = "https://files.pythonhosted.org/packages/59/74/97061e036f74c850b63450ab425f7c1aa2681582ce53b98ed4f7235acc7b/pystac_ext_timestamps-1.1.0.tar.gz", hash = "sha256:d78250e3ddc61b825348444ad05c8cff8c2aa1cd3d18155b880783ee880520d3", size = 8544, upload-time = "2026-06-25T15:50:18.662Z" }
wheels = [
    { url = "https://files.pythonhosted.org/packages/1f/22/d0e9f1e46da156c34e070ba04ebca1bba67b4b60724118cfb98c0b83b368/pystac_ext_timestamps-1.1.0-py3-none-any.whl", hash = "sha256:17990ad4827bfd0798010d247fa2f3d770f78d80180579cbe63d8267fb3e8d39", size = 4252, upload-time = "2026-06-25T15:50:17.677Z" },
]

[[package]]
name = "pystac-ext-version"
version = "1.2.0"
source = { registry = "https://pypi.org/simple" }
dependencies = [
    { name = "pystac-core" },
]
sdist = { url = "https://files.pythonhosted.org/packages/85/48/0d67ffdc3c930cd64805e15603372f2a759d2ad453f31d979fefda637999/pystac_ext_version-1.2.0.tar.gz", hash = "sha256:aac23024e76cd64c9bec46a8b49f884f2e8c89cc3d0fe317f5f58dfaa56d1aa0", size = 12543, upload-time = "2026-06-25T15:50:19.674Z" }
wheels = [
    { url = "https://files.pythonhosted.org/packages/e2/bb/c0a732f1827233e91200b4c14538e8cc4dafa9e843c46c048462212e2b72/pystac_ext_version-1.2.0-py3-none-any.whl", hash = "sha256:95ba628abe934098356654f2bd57423475d1cb59e2f49c44dd7e2ef5392efefd", size = 5366, upload-time = "2026-06-25T15:50:18.547Z" },
]

[[package]]
name = "pystac-ext-view"
version = "1.0.0"
source = { registry = "https://pypi.org/simple" }
dependencies = [
    { name = "pystac-core" },
]
sdist = { url = "https://files.pythonhosted.org/packages/2e/1d/663184b0c94583ed2c3d2fbe1f1b3ab8da27ee7ff5695da2d0d42652e610/pystac_ext_view-1.0.0.tar.gz", hash = "sha256:cb677dcd49f9a62824087d150f01eea97fc24c577971edb60374c9e48e517311", size = 9698, upload-time = "2026-06-25T15:50:11.379Z" }
wheels = [
    { url = "https://files.pythonhosted.org/packages/fc/1f/aab5f54ee091b47b6edf22dea97863c36996ca7886b32e8772374fcbb5e9/pystac_ext_view-1.0.0-py3-none-any.whl", hash = "sha256:3000615569d1826093a6b231778e7ddb1afb106dd516e8029a0083bfcd166d7d", size = 4479, upload-time = "2026-06-25T15:50:10.359Z" },
]

[[package]]
name = "pystac-ext-xarray-assets"
version = "1.0.0"
source = { registry = "https://pypi.org/simple" }
dependencies = [
    { name = "pystac-core" },
]
sdist = { url = "https://files.pythonhosted.org/packages/6f/a0/1bcb9ba80eb0e0a6cc4605520d831d7118863559f13f797f271430bad125/pystac_ext_xarray_assets-1.0.0.tar.gz", hash = "sha256:da4f4877c018d531b6b5c45f20bc64842f14587ae86bac8d2acf110804c773d1", size = 6703, upload-time = "2026-06-25T15:50:18.944Z" }
wheels = [
    { url = "https://files.pythonhosted.org/packages/48/cc/4f310e5acb0c59c8b3db417fc903a055dc01ac7e7f7e82c941304f30b4d9/pystac_ext_xarray_assets-1.0.0-py3-none-any.whl", hash = "sha256:a31e90e7e9bc5ae191e7449df28c39857c818e8c1cf2c09a2eceaa7c6e13241c", size = 3614, upload-time = "2026-06-25T15:50:17.871Z" },
]

[[package]]
name = "python-dateutil"
version = "2.9.0.post0"
source = { registry = "https://pypi.org/simple" }
dependencies = [
    { name = "six" },
]
sdist = { url = "https://files.pythonhosted.org/packages/66/c0/0c8b6ad9f17a802ee498c46e004a0eb49bc148f2fd230864601a86dcf6db/python-dateutil-2.9.0.post0.tar.gz", hash = "sha256:37dd54208da7e1cd875388217d5e00ebd4179249f90fb72437e91a35459a0ad3", size = 342432, upload-time = "2024-03-01T18:36:20.211Z" }
wheels = [
    { url = "https://files.pythonhosted.org/packages/ec/57/56b9bcc3c9c6a792fcbaf139543cee77261f3651ca9da0c93f5c1221264b/python_dateutil-2.9.0.post0-py2.py3-none-any.whl", hash = "sha256:a8b2bc7bffae282281c8140a97d3aa9c14da0b136dfe83f850eea9a5f7470427", size = 229892, upload-time = "2024-03-01T18:36:18.57Z" },
]

[[package]]
name = "python-dotenv"
version = "1.2.2"
source = { registry = "https://pypi.org/simple" }
sdist = { url = "https://files.pythonhosted.org/packages/82/ed/0301aeeac3e5353ef3d94b6ec08bbcabd04a72018415dcb29e588514bba8/python_dotenv-1.2.2.tar.gz", hash = "sha256:2c371a91fbd7ba082c2c1dc1f8bf89ca22564a087c2c287cd9b662adde799cf3", size = 50135, upload-time = "2026-03-01T16:00:26.196Z" }
wheels = [
    { url = "https://files.pythonhosted.org/packages/0b/d7/1959b9648791274998a9c3526f6d0ec8fd2233e4d4acce81bbae76b44b2a/python_dotenv-1.2.2-py3-none-any.whl", hash = "sha256:1d8214789a24de455a8b8bd8ae6fe3c6b69a5e3d64aa8a8e5d68e694bbcb285a", size = 22101, upload-time = "2026-03-01T16:00:25.09Z" },
]

[[package]]
name = "s3transfer"
version = "0.19.2"
source = { registry = "https://pypi.org/simple" }
dependencies = [
    { name = "botocore" },
]
sdist = { url = "https://files.pythonhosted.org/packages/76/43/35e4d8aa320bffe8287fe8f65f578fa2d2db0a64212f0e710dce58267854/s3transfer-0.19.2.tar.gz", hash = "sha256:ba0309fd86be3c27dbf78cdd813c13c5e1df16e5874b99d2535ebbdfb9892993", size = 165592, upload-time = "2026-07-22T19:30:44.432Z" }
wheels = [
    { url = "https://files.pythonhosted.org/packages/bc/e7/5c595c75e9f41a44f30e526eda465ea0b4eec93470e074e4a111b253f13a/s3transfer-0.19.2-py3-none-any.whl", hash = "sha256:d8168eccca828cbb2cd573675333f3bddd254313a9c42494b84c76b539e8ba25", size = 90216, upload-time = "2026-07-22T19:30:43.251Z" },
]

[[package]]
name = "six"
version = "1.17.0"
source = { registry = "https://pypi.org/simple" }
sdist = { url = "https://files.pythonhosted.org/packages/94/e7/b2c673351809dca68a0e064b6af791aa332cf192da575fd474ed7d6f16a2/six-1.17.0.tar.gz", hash = "sha256:ff70335d468e7eb6ec65b95b99d3a2836546063f63acc5171de367e834932a81", size = 34031, upload-time = "2024-12-04T17:35:28.174Z" }
wheels = [
    { url = "https://files.pythonhosted.org/packages/b7/ce/149a00dd41f10bc29e5921b496af8b574d8413afcd5e30dfa0ed46c2cc5e/six-1.17.0-py2.py3-none-any.whl", hash = "sha256:4721f391ed90541fddacab5acf947aa0d3dc7d27b2e1e8eda2be8970586c3274", size = 11050, upload-time = "2024-12-04T17:35:26.475Z" },
]

[[package]]
name = "urllib3"
version = "2.7.0"
source = { registry = "https://pypi.org/simple" }
sdist = { url = "https://files.pythonhosted.org/packages/53/0c/06f8b233b8fd13b9e5ee11424ef85419ba0d8ba0b3138bf360be2ff56953/urllib3-2.7.0.tar.gz", hash = "sha256:231e0ec3b63ceb14667c67be60f2f2c40a518cb38b03af60abc813da26505f4c", size = 433602, upload-time = "2026-05-07T16:13:18.596Z" }
wheels = [
    { url = "https://files.pythonhosted.org/packages/7f/3e/5db95bcf282c52709639744ca2a8b149baccf648e39c8cc87553df9eae0c/urllib3-2.7.0-py3-none-any.whl", hash = "sha256:9fb4c81ebbb1ce9531cce37674bbc6f1360472bc18ca9a553ede278ef7276897", size = 131087, upload-time = "2026-05-07T16:13:17.151Z" },
]
