version: 6
environments:
  default:
    channels:
    - url: https://conda.anaconda.org/conda-forge/
    options:
      pypi-prerelease-mode: if-necessary-or-explicit
    packages:
      linux-aarch64:
      - conda: https://conda.anaconda.org/conda-forge/linux-aarch64/_openmp_mutex-4.5-20_gnu.conda
      - conda: https://conda.anaconda.org/conda-forge/linux-aarch64/blosc-1.21.6-hb4dfabd_1.conda
      - conda: https://conda.anaconda.org/conda-forge/linux-aarch64/bzip2-1.0.8-h4777abc_9.conda
      - conda: https://conda.anaconda.org/conda-forge/linux-aarch64/c-ares-1.34.8-he30d5cf_0.conda
      - conda: https://conda.anaconda.org/conda-forge/noarch/ca-certificates-2026.6.17-hbd8a1cb_0.conda
      - conda: https://conda.anaconda.org/conda-forge/linux-aarch64/freexl-2.0.0-h82fd2cb_2.conda
      - conda: https://conda.anaconda.org/conda-forge/linux-aarch64/gdal-3.13.1-np2py312h73a449f_8.conda
      - conda: https://conda.anaconda.org/conda-forge/linux-aarch64/geos-3.14.1-h57520ee_0.conda
      - conda: https://conda.anaconda.org/conda-forge/linux-aarch64/giflib-5.2.2-h31becfc_0.conda
      - conda: https://conda.anaconda.org/conda-forge/linux-aarch64/icu-78.3-hcab7f73_1.conda
      - conda: https://conda.anaconda.org/conda-forge/linux-aarch64/json-c-0.18-hd4cd8d4_0.conda
      - conda: https://conda.anaconda.org/conda-forge/linux-aarch64/keyutils-1.6.3-h86ecc28_0.conda
      - conda: https://conda.anaconda.org/conda-forge/linux-aarch64/krb5-1.22.2-h2fb54aa_1.conda
      - conda: https://conda.anaconda.org/conda-forge/linux-aarch64/ld_impl_linux-aarch64-2.46.1-default_h1979696_102.conda
      - conda: https://conda.anaconda.org/conda-forge/linux-aarch64/lerc-4.1.0-h52b7260_0.conda
      - conda: https://conda.anaconda.org/conda-forge/linux-aarch64/libarchive-3.8.8-gpl_hbe7d12b_100.conda
      - conda: https://conda.anaconda.org/conda-forge/linux-aarch64/libblas-3.11.0-8_haddc8a3_openblas.conda
      - conda: https://conda.anaconda.org/conda-forge/linux-aarch64/libbrotlicommon-1.2.0-he30d5cf_1.conda
      - conda: https://conda.anaconda.org/conda-forge/linux-aarch64/libbrotlidec-1.2.0-he30d5cf_1.conda
      - conda: https://conda.anaconda.org/conda-forge/linux-aarch64/libbrotlienc-1.2.0-he30d5cf_1.conda
      - conda: https://conda.anaconda.org/conda-forge/linux-aarch64/libcblas-3.11.0-8_hd72aa62_openblas.conda
      - conda: https://conda.anaconda.org/conda-forge/linux-aarch64/libcurl-8.21.0-h7c59cd8_2.conda
      - conda: https://conda.anaconda.org/conda-forge/linux-aarch64/libdeflate-1.25-h1af38f5_0.conda
      - conda: https://conda.anaconda.org/conda-forge/linux-aarch64/libedit-3.1.20250104-pl5321h976ea20_0.conda
      - conda: https://conda.anaconda.org/conda-forge/linux-aarch64/libev-4.33-h31becfc_2.conda
      - conda: https://conda.anaconda.org/conda-forge/linux-aarch64/libexpat-2.8.1-hfae3067_1.conda
      - conda: https://conda.anaconda.org/conda-forge/linux-aarch64/libffi-3.5.2-h376a255_0.conda
      - conda: https://conda.anaconda.org/conda-forge/linux-aarch64/libgcc-15.2.0-h8acb6b2_19.conda
      - conda: https://conda.anaconda.org/conda-forge/linux-aarch64/libgcc-ng-15.2.0-he9431aa_19.conda
      - conda: https://conda.anaconda.org/conda-forge/linux-aarch64/libgdal-core-3.13.1-h3e0fee2_8.conda
      - conda: https://conda.anaconda.org/conda-forge/linux-aarch64/libgfortran-15.2.0-he9431aa_19.conda
      - conda: https://conda.anaconda.org/conda-forge/linux-aarch64/libgfortran5-15.2.0-h1b7bec0_19.conda
      - conda: https://conda.anaconda.org/conda-forge/linux-aarch64/libgomp-15.2.0-h8acb6b2_19.conda
      - conda: https://conda.anaconda.org/conda-forge/linux-aarch64/libhwy-1.4.0-h9b45113_0.conda
      - conda: https://conda.anaconda.org/conda-forge/linux-aarch64/libiconv-1.18-h90929bb_2.conda
      - conda: https://conda.anaconda.org/conda-forge/linux-aarch64/libjpeg-turbo-3.2.0-he30d5cf_0.conda
      - conda: https://conda.anaconda.org/conda-forge/linux-aarch64/libjxl-0.12.0-hbae46ee_1.conda
      - conda: https://conda.anaconda.org/conda-forge/linux-aarch64/libkml-1.3.0-h39bb75a_1023.conda
      - conda: https://conda.anaconda.org/conda-forge/linux-aarch64/liblapack-3.11.0-8_h88aeb00_openblas.conda
      - conda: https://conda.anaconda.org/conda-forge/linux-aarch64/liblzma-5.8.3-he30d5cf_0.conda
      - conda: https://conda.anaconda.org/conda-forge/linux-aarch64/libnghttp2-1.68.1-hd3077d7_0.conda
      - conda: https://conda.anaconda.org/conda-forge/linux-aarch64/libnsl-2.0.1-h86ecc28_1.conda
      - conda: https://conda.anaconda.org/conda-forge/linux-aarch64/libopenblas-0.3.33-pthreads_h9d3fd7e_0.conda
      - conda: https://conda.anaconda.org/conda-forge/linux-aarch64/libpng-1.6.58-h1abf092_0.conda
      - conda: https://conda.anaconda.org/conda-forge/linux-aarch64/libpsl-0.22.0-h9aac952_1.conda
      - conda: https://conda.anaconda.org/conda-forge/linux-aarch64/librttopo-1.1.0-h783d356_20.conda
      - conda: https://conda.anaconda.org/conda-forge/linux-aarch64/libspatialite-5.1.0-gpl_hb93075d_120.conda
      - conda: https://conda.anaconda.org/conda-forge/linux-aarch64/libsqlite-3.53.3-h10b116e_0.conda
      - conda: https://conda.anaconda.org/conda-forge/linux-aarch64/libssh2-1.11.1-h18c354c_0.conda
      - conda: https://conda.anaconda.org/conda-forge/linux-aarch64/libstdcxx-15.2.0-hef695bb_19.conda
      - conda: https://conda.anaconda.org/conda-forge/linux-aarch64/libstdcxx-ng-15.2.0-hdbbeba8_19.conda
      - conda: https://conda.anaconda.org/conda-forge/linux-aarch64/libtiff-4.7.2-hdb009f0_0.conda
      - conda: https://conda.anaconda.org/conda-forge/linux-aarch64/libuuid-2.42.2-h1022ec0_0.conda
      - conda: https://conda.anaconda.org/conda-forge/linux-aarch64/libwebp-base-1.6.0-ha2e29f5_0.conda
      - conda: https://conda.anaconda.org/conda-forge/linux-aarch64/libxcrypt-4.4.36-h31becfc_1.conda
      - conda: https://conda.anaconda.org/conda-forge/linux-aarch64/libxml2-16-2.15.3-h79dcc73_0.conda
      - conda: https://conda.anaconda.org/conda-forge/linux-aarch64/libxml2-2.15.3-h869d058_0.conda
      - conda: https://conda.anaconda.org/conda-forge/linux-aarch64/libxml2-devel-2.15.3-h869d058_0.conda
      - conda: https://conda.anaconda.org/conda-forge/linux-aarch64/libzlib-1.3.2-hdc9db2a_2.conda
      - conda: https://conda.anaconda.org/conda-forge/linux-aarch64/lz4-c-1.10.0-h5ad3122_1.conda
      - conda: https://conda.anaconda.org/conda-forge/linux-aarch64/lzo-2.10-h80f16a2_1002.conda
      - conda: https://conda.anaconda.org/conda-forge/linux-aarch64/minizip-4.2.2-hd80d073_0.conda
      - conda: https://conda.anaconda.org/conda-forge/linux-aarch64/muparser-2.3.5-h5ad3122_0.conda
      - conda: https://conda.anaconda.org/conda-forge/linux-aarch64/ncurses-6.6-hf8d1292_0.conda
      - conda: https://conda.anaconda.org/conda-forge/linux-aarch64/numpy-2.5.1-py312hce9e0af_0.conda
      - conda: https://conda.anaconda.org/conda-forge/linux-aarch64/openssl-3.6.3-h546c87b_0.conda
      - conda: https://conda.anaconda.org/conda-forge/linux-aarch64/pcre2-10.47-hf841c20_0.conda
      - conda: https://conda.anaconda.org/conda-forge/linux-aarch64/proj-9.8.1-hd211770_0.conda
      - conda: https://conda.anaconda.org/conda-forge/linux-aarch64/python-3.12.13-h91f4b29_0_cpython.conda
      - conda: https://conda.anaconda.org/conda-forge/noarch/python_abi-3.12-8_cp312.conda
      - conda: https://conda.anaconda.org/conda-forge/linux-aarch64/readline-8.3-hb682ff5_0.conda
      - conda: https://conda.anaconda.org/conda-forge/linux-aarch64/snappy-1.2.2-he774c54_1.conda
      - conda: https://conda.anaconda.org/conda-forge/linux-aarch64/sqlite-3.53.3-hf1c7be2_0.conda
      - conda: https://conda.anaconda.org/conda-forge/linux-aarch64/tk-8.6.13-noxft_h5cf4473_3.conda
      - conda: https://conda.anaconda.org/conda-forge/noarch/tzdata-2026c-h151e31d_0.conda
      - conda: https://conda.anaconda.org/conda-forge/linux-aarch64/uriparser-0.9.8-h0a1ffab_0.conda
      - conda: https://conda.anaconda.org/conda-forge/linux-aarch64/uv-0.11.29-hbe9c82f_0.conda
      - conda: https://conda.anaconda.org/conda-forge/linux-aarch64/xerces-c-3.3.0-h5dc9dfc_1.conda
      - conda: https://conda.anaconda.org/conda-forge/linux-aarch64/zlib-1.3.2-hdc9db2a_2.conda
      - conda: https://conda.anaconda.org/conda-forge/linux-aarch64/zstd-1.5.7-h85ac4a6_6.conda
packages:
- conda: https://conda.anaconda.org/conda-forge/linux-aarch64/_openmp_mutex-4.5-20_gnu.conda
  build_number: 20
  sha256: a2527b1d81792a0ccd2c05850960df119c2b6d8f5fdec97f2db7d25dc23b1068
  md5: 468fd3bb9e1f671d36c2cbc677e56f1d
  depends:
  - libgomp >=7.5.0
  constrains:
  - openmp_impl <0.0a0
  license: BSD-3-Clause
  license_family: BSD
  size: 28926
  timestamp: 1770939656741
- conda: https://conda.anaconda.org/conda-forge/linux-aarch64/blosc-1.21.6-hb4dfabd_1.conda
  sha256: f1e408fc32e1fda8dee9c3fceee5650fd622526e4dc6fa1f1926f497b5508d13
  md5: 2cbbd6264ad58887c40aab37f2abdaba
  depends:
  - libgcc >=13
  - libstdcxx >=13
  - libzlib >=1.3.1,<2.0a0
  - lz4-c >=1.10.0,<1.11.0a0
  - snappy >=1.2.1,<1.3.0a0
  - zstd >=1.5.6,<1.6.0a0
  license: BSD-3-Clause
  license_family: BSD
  size: 36414
  timestamp: 1733513501944
- conda: https://conda.anaconda.org/conda-forge/linux-aarch64/bzip2-1.0.8-h4777abc_9.conda
  sha256: b3495077889dde6bb370938e7db82be545c73e8589696ad0843a32221520ad4c
  md5: 840d8fc0d7b3209be93080bc20e07f2d
  depends:
  - libgcc >=14
  license: bzip2-1.0.6
  license_family: BSD
  size: 192412
  timestamp: 1771350241232
- conda: https://conda.anaconda.org/conda-forge/linux-aarch64/c-ares-1.34.8-he30d5cf_0.conda
  sha256: 24f78776eda069a6c1566fd6d65379e45747d0a7cce9f864686690806543c408
  md5: a8a5833ef43f9b31a4d548071ea5ba75
  depends:
  - libgcc >=14
  license: MIT
  license_family: MIT
  size: 220677
  timestamp: 1784091035199
- conda: https://conda.anaconda.org/conda-forge/noarch/ca-certificates-2026.6.17-hbd8a1cb_0.conda
  sha256: f8e3c730fa14ee3f170493779f06522c4acf89169f43db4f039727709b6419cf
  md5: a9965dd99f683c5f444428f896635716
  depends:
  - __unix
  license: ISC
  size: 128866
  timestamp: 1781708962055
- conda: https://conda.anaconda.org/conda-forge/linux-aarch64/freexl-2.0.0-h82fd2cb_2.conda
  sha256: 366d17984cd53819dd6f4b7ad113a87529ba043f7f2ac390d681bc5557a92a04
  md5: 6cd9f0cd937682306efcdb5cbf272594
  depends:
  - libexpat >=2.6.4,<3.0a0
  - libgcc >=13
  - libiconv >=1.17,<2.0a0
  - minizip >=4.0.7,<5.0a0
  license: MPL-1.1
  license_family: MOZILLA
  size: 60596
  timestamp: 1734014928567
- conda: https://conda.anaconda.org/conda-forge/linux-aarch64/gdal-3.13.1-np2py312h73a449f_8.conda
  sha256: fc3af9df30b549abc5498bc8a98f0e31290ba3b178c54127d1374d982bfde65e
  md5: 9e8fccf33d38439c32b9d8f0af901990
  depends:
  - python
  - libgdal-core 3.13.1.*
  - libgcc >=14
  - libstdcxx >=14
  - libjxl >=0.12.0,<0.13.0a0
  - libexpat >=2.8.1,<3.0a0
  - pcre2 >=10.47,<10.48.0a0
  - libwebp-base >=1.6.0,<2.0a0
  - libkml >=1.3.0,<1.4.0a0
  - blosc >=1.21.6,<2.0a0
  - libdeflate >=1.25,<1.26.0a0
  - muparser >=2.3.5,<2.4.0a0
  - libspatialite >=5.1.0,<5.2.0a0
  - libpng >=1.6.58,<1.7.0a0
  - libsqlite >=3.53.3,<4.0a0
  - libjpeg-turbo >=3.2.0,<4.0a0
  - zstd >=1.5.7,<1.6.0a0
  - libarchive >=3.8.8,<3.9.0a0
  - libcurl >=8.21.0,<9.0a0
  - lerc >=4.1.0,<5.0a0
  - liblzma >=5.8.3,<6.0a0
  - libiconv >=1.18,<2.0a0
  - proj >=9.8.1,<9.9.0a0
  - json-c >=0.18,<0.19.0a0
  - geos >=3.14.1,<3.14.2.0a0
  - xerces-c >=3.3.0,<3.4.0a0
  - libxml2
  - libxml2-16 >=2.14.6
  - openssl >=3.5.7,<4.0a0
  - giflib >=5.2.2,<5.3.0a0
  - libzlib >=1.3.2,<2.0a0
  - lz4-c >=1.10.0,<1.11.0a0
  - python 3.12.* *_cpython
  - numpy >=1.25,<3
  - python_abi 3.12.* *_cp312
  license: MIT
  license_family: MIT
  size: 2456688
  timestamp: 1784038283198
- conda: https://conda.anaconda.org/conda-forge/linux-aarch64/geos-3.14.1-h57520ee_0.conda
  sha256: 02b1f971fb9b560479e046915f90d20df71836f079a789eccd83bd03262c7bcb
  md5: 311434946d3846e12661fedd4bfad25d
  depends:
  - libgcc >=14
  - libstdcxx >=14
  license: LGPL-2.1-only
  size: 1938302
  timestamp: 1761593520145
- conda: https://conda.anaconda.org/conda-forge/linux-aarch64/giflib-5.2.2-h31becfc_0.conda
  sha256: a79dc3bd54c4fb1f249942ee2d5b601a76ecf9614774a4cff9af49adfa458db2
  md5: 2f809afaf0ba1ea4135dce158169efac
  depends:
  - libgcc-ng >=12
  license: MIT
  license_family: MIT
  size: 82124
  timestamp: 1712692444545
- conda: https://conda.anaconda.org/conda-forge/linux-aarch64/icu-78.3-hcab7f73_1.conda
  sha256: ba4e1acdaf6c66961d6a1863c10851dde2378fa18af48de0156b9874556ca438
  md5: da55da4ed68dcac1ce28faa0a3450b65
  depends:
  - libgcc >=14
  - libstdcxx >=14
  license: MIT
  size: 12870753
  timestamp: 1784588696185
- conda: https://conda.anaconda.org/conda-forge/linux-aarch64/json-c-0.18-hd4cd8d4_0.conda
  sha256: 54794a9aaeabb4d9010574f92e13c20f2fe9a8b5ec7cacf033d50cc339c86e32
  md5: 9c23430bcadd724434a88657abbeef46
  depends:
  - libgcc >=13
  license: MIT
  license_family: MIT
  size: 89391
  timestamp: 1726487169057
- conda: https://conda.anaconda.org/conda-forge/linux-aarch64/keyutils-1.6.3-h86ecc28_0.conda
  sha256: 5ce830ca274b67de11a7075430a72020c1fb7d486161a82839be15c2b84e9988
  md5: e7df0aab10b9cbb73ab2a467ebfaf8c7
  depends:
  - libgcc >=13
  license: LGPL-2.1-or-later
  size: 129048
  timestamp: 1754906002667
- conda: https://conda.anaconda.org/conda-forge/linux-aarch64/krb5-1.22.2-h2fb54aa_1.conda
  sha256: b644718416a22b5d57c1194ea7207b7f8d33d6a2b42775763782d76cd7457aea
  md5: 5fd2304064ef6199d1f91ec60ee7b820
  depends:
  - keyutils >=1.6.3,<2.0a0
  - libedit >=3.1.20250104,<3.2.0a0
  - libedit >=3.1.20250104,<4.0a0
  - libgcc >=14
  - libstdcxx >=14
  - openssl >=3.5.7,<4.0a0
  license: MIT
  license_family: MIT
  size: 1518484
  timestamp: 1781859412954
- conda: https://conda.anaconda.org/conda-forge/linux-aarch64/ld_impl_linux-aarch64-2.46.1-default_h1979696_102.conda
  sha256: 2c4901f4227b0850328ed0c69f958b30ad2cd18982f7a31c7c1f911827004d08
  md5: 489444d0acb2a579d2a002d85a08c059
  depends:
  - zstd >=1.5.7,<1.6.0a0
  constrains:
  - binutils_impl_linux-aarch64 2.46.1
  license: GPL-3.0-only
  license_family: GPL
  size: 905305
  timestamp: 1784214534868
- conda: https://conda.anaconda.org/conda-forge/linux-aarch64/lerc-4.1.0-h52b7260_0.conda
  sha256: 8957fd460c1c132c8031f65fd5f56ec3807fd71b7cab2c5e2b0937b13404ab36
  md5: d13423b06447113a90b5b1366d4da171
  depends:
  - libgcc >=14
  - libstdcxx >=14
  license: Apache-2.0
  license_family: Apache
  size: 240444
  timestamp: 1773114901155
- conda: https://conda.anaconda.org/conda-forge/linux-aarch64/libarchive-3.8.8-gpl_hbe7d12b_100.conda
  sha256: 74ee8968f3abdb7c1cec4b6701791b8bfcc6ba7b79de2aa76e2042a86fb3a6ec
  md5: a023664e901257bc10437c26a4923528
  depends:
  - bzip2 >=1.0.8,<2.0a0
  - libgcc >=14
  - liblzma >=5.8.3,<6.0a0
  - libxml2
  - libxml2-16 >=2.14.6
  - libzlib >=1.3.2,<2.0a0
  - lz4-c >=1.10.0,<1.11.0a0
  - lzo >=2.10,<3.0a0
  - openssl >=3.5.7,<4.0a0
  - zstd >=1.5.7,<1.6.0a0
  license: BSD-2-Clause
  license_family: BSD
  size: 968059
  timestamp: 1782289044270
- conda: https://conda.anaconda.org/conda-forge/linux-aarch64/libblas-3.11.0-8_haddc8a3_openblas.conda
  build_number: 8
  sha256: c897399c943168c646f659952f73a9154f9122d7e9b151649dbe075dfdcd484b
  md5: 8b44dad125760faa2b3925f5a6e3112d
  depends:
  - libopenblas >=0.3.33,<0.3.34.0a0
  - libopenblas >=0.3.33,<1.0a0
  constrains:
  - libcblas   3.11.0   8*_openblas
  - liblapack  3.11.0   8*_openblas
  - mkl <2027
  - blas 2.308   openblas
  - liblapacke 3.11.0   8*_openblas
  license: BSD-3-Clause
  license_family: BSD
  size: 18843
  timestamp: 1779859042591
- conda: https://conda.anaconda.org/conda-forge/linux-aarch64/libbrotlicommon-1.2.0-he30d5cf_1.conda
  sha256: 5fa8c163c8d776503aa68cdaf798ff9440c76a0a1c3ea84e0c43dbf1ece8af4d
  md5: 8ec1d03f3000108899d1799d9964f281
  depends:
  - libgcc >=14
  license: MIT
  license_family: MIT
  size: 80030
  timestamp: 1764017273715
- conda: https://conda.anaconda.org/conda-forge/linux-aarch64/libbrotlidec-1.2.0-he30d5cf_1.conda
  sha256: 494365e8f58799ea95a6e82334ef696e9c2120aecd6626121694b30a15033301
  md5: 47e5b71b77bb8b47b4ecf9659492977f
  depends:
  - libbrotlicommon 1.2.0 he30d5cf_1
  - libgcc >=14
  license: MIT
  license_family: MIT
  size: 33166
  timestamp: 1764017282936
- conda: https://conda.anaconda.org/conda-forge/linux-aarch64/libbrotlienc-1.2.0-he30d5cf_1.conda
  sha256: f998c03257b9aa1f7464446af2cf424862f0e54258a2a588309853e45ae771df
  md5: 6553a5d017fe14859ea8a4e6ea5def8f
  depends:
  - libbrotlicommon 1.2.0 he30d5cf_1
  - libgcc >=14
  license: MIT
  license_family: MIT
  size: 309304
  timestamp: 1764017292044
- conda: https://conda.anaconda.org/conda-forge/linux-aarch64/libcblas-3.11.0-8_hd72aa62_openblas.conda
  build_number: 8
  sha256: 3ba039f0705022939d90e36c1ed2fcbafd7f5bb77563e3702202ae796b32f4d2
  md5: 76242b7ad6e43809afa8671dd609b4ed
  depends:
  - libblas 3.11.0 8_haddc8a3_openblas
  constrains:
  - liblapack  3.11.0   8*_openblas
  - liblapacke 3.11.0   8*_openblas
  - blas 2.308   openblas
  license: BSD-3-Clause
  license_family: BSD
  size: 18817
  timestamp: 1779859049133
- conda: https://conda.anaconda.org/conda-forge/linux-aarch64/libcurl-8.21.0-h7c59cd8_2.conda
  sha256: 5846fa724f4b8eb23751e347fc8b31775c0a28a7a34d1e44f081651613470512
  md5: 0a187db240c503afc7eb5bd865c7ff04
  depends:
  - krb5 >=1.22.2,<1.23.0a0
  - libgcc >=14
  - libnghttp2 >=1.68.1,<2.0a0
  - libpsl >=0.22.0,<0.23.0a0
  - libssh2 >=1.11.1,<2.0a0
  - libzlib >=1.3.2,<2.0a0
  - openssl >=3.5.7,<4.0a0
  - zstd >=1.5.7,<1.6.0a0
  license: curl
  license_family: MIT
  size: 505957
  timestamp: 1782911738398
- conda: https://conda.anaconda.org/conda-forge/linux-aarch64/libdeflate-1.25-h1af38f5_0.conda
  sha256: 48814b73bd462da6eed2e697e30c060ae16af21e9fbed30d64feaf0aad9da392
  md5: a9138815598fe6b91a1d6782ca657b0c
  depends:
  - libgcc >=14
  license: MIT
  license_family: MIT
  size: 71117
  timestamp: 1761979776756
- conda: https://conda.anaconda.org/conda-forge/linux-aarch64/libedit-3.1.20250104-pl5321h976ea20_0.conda
  sha256: c0b27546aa3a23d47919226b3a1635fccdb4f24b94e72e206a751b33f46fd8d6
  md5: fb640d776fc92b682a14e001980825b1
  depends:
  - ncurses
  - libgcc >=13
  - ncurses >=6.5,<7.0a0
  license: BSD-2-Clause
  license_family: BSD
  size: 148125
  timestamp: 1738479808948
- conda: https://conda.anaconda.org/conda-forge/linux-aarch64/libev-4.33-h31becfc_2.conda
  sha256: 973af77e297f1955dd1f69c2cbdc5ab9dfc88388a5576cd152cda178af0fd006
  md5: a9a13cb143bbaa477b1ebaefbe47a302
  depends:
  - libgcc-ng >=12
  license: BSD-2-Clause
  license_family: BSD
  size: 115123
  timestamp: 1702146237623
- conda: https://conda.anaconda.org/conda-forge/linux-aarch64/libexpat-2.8.1-hfae3067_1.conda
  sha256: 20a5726bc8705d91437c9e6ef83b30da64a1719b869656d20a1ee818333ea5ac
  md5: fac3b65a605cd253037fdf3daf2de8d9
  depends:
  - libgcc >=14
  constrains:
  - expat 2.8.1.*
  license: MIT
  license_family: MIT
  size: 77649
  timestamp: 1781203572523
- conda: https://conda.anaconda.org/conda-forge/linux-aarch64/libffi-3.5.2-h376a255_0.conda
  sha256: 3df4c539449aabc3443bbe8c492c01d401eea894603087fca2917aa4e1c2dea9
  md5: 2f364feefb6a7c00423e80dcb12db62a
  depends:
  - libgcc >=14
  license: MIT
  license_family: MIT
  size: 55952
  timestamp: 1769456078358
- conda: https://conda.anaconda.org/conda-forge/linux-aarch64/libgcc-15.2.0-h8acb6b2_19.conda
  sha256: 4592b096e553f67799ae70d4b6167eeda3ec74587d68c7aecbf4e7b1df136681
  md5: f35b3f52d0a2ec4ffe3c89ba135cdb9a
  depends:
  - _openmp_mutex >=4.5
  constrains:
  - libgomp 15.2.0 h8acb6b2_19
  - libgcc-ng ==15.2.0=*_19
  license: GPL-3.0-only WITH GCC-exception-3.1
  license_family: GPL
  size: 622462
  timestamp: 1778268755949
- conda: https://conda.anaconda.org/conda-forge/linux-aarch64/libgcc-ng-15.2.0-he9431aa_19.conda
  sha256: 1137f93f477f56199ded24117430045a0c02cbe8b10031beac3b9ad2138539d3
  md5: 770cf892e5530f43e63cadc673e85653
  depends:
  - libgcc 15.2.0 h8acb6b2_19
  license: GPL-3.0-only WITH GCC-exception-3.1
  license_family: GPL
  size: 27738
  timestamp: 1778268759211
- conda: https://conda.anaconda.org/conda-forge/linux-aarch64/libgdal-core-3.13.1-h3e0fee2_8.conda
  sha256: 47472b8c803092e6c35c1860387391d6c9665bc85e6bfff2f4f54e01b7883029
  md5: c66aa0599db8e91d693962279fc6c407
  depends:
  - libgcc >=14
  - libstdcxx >=14
  - libjxl >=0.12.0,<0.13.0a0
  - libexpat >=2.8.1,<3.0a0
  - pcre2 >=10.47,<10.48.0a0
  - libwebp-base >=1.6.0,<2.0a0
  - libkml >=1.3.0,<1.4.0a0
  - blosc >=1.21.6,<2.0a0
  - libdeflate >=1.25,<1.26.0a0
  - muparser >=2.3.5,<2.4.0a0
  - libspatialite >=5.1.0,<5.2.0a0
  - libpng >=1.6.58,<1.7.0a0
  - libsqlite >=3.53.3,<4.0a0
  - libjpeg-turbo >=3.2.0,<4.0a0
  - zstd >=1.5.7,<1.6.0a0
  - libarchive >=3.8.8,<3.9.0a0
  - libcurl >=8.21.0,<9.0a0
  - lerc >=4.1.0,<5.0a0
  - liblzma >=5.8.3,<6.0a0
  - libiconv >=1.18,<2.0a0
  - proj >=9.8.1,<9.9.0a0
  - json-c >=0.18,<0.19.0a0
  - geos >=3.14.1,<3.14.2.0a0
  - xerces-c >=3.3.0,<3.4.0a0
  - libxml2
  - libxml2-16 >=2.14.6
  - openssl >=3.5.7,<4.0a0
  - giflib >=5.2.2,<5.3.0a0
  - libzlib >=1.3.2,<2.0a0
  - lz4-c >=1.10.0,<1.11.0a0
  constrains:
  - libgdal 3.13.1.*
  license: MIT
  license_family: MIT
  size: 14890892
  timestamp: 1784038283198
- conda: https://conda.anaconda.org/conda-forge/linux-aarch64/libgfortran-15.2.0-he9431aa_19.conda
  sha256: e5ad94be72634233510b33ba792a3339921bd468f0b8bc6961ea05eded251d9b
  md5: c7a5b5decf969ead5ecada83654164cf
  depends:
  - libgfortran5 15.2.0 h1b7bec0_19
  constrains:
  - libgfortran-ng ==15.2.0=*_19
  license: GPL-3.0-only WITH GCC-exception-3.1
  license_family: GPL
  size: 27728
  timestamp: 1778268784621
- conda: https://conda.anaconda.org/conda-forge/linux-aarch64/libgfortran5-15.2.0-h1b7bec0_19.conda
  sha256: af8e9bdcaa77f133a8ee4c1ef57ef564d9c45aa262abf9f5ef9b50eb99d96407
  md5: 779dbb494de6d3d6477cab52eb34285a
  depends:
  - libgcc >=15.2.0
  constrains:
  - libgfortran 15.2.0
  license: GPL-3.0-only WITH GCC-exception-3.1
  license_family: GPL
  size: 1487244
  timestamp: 1778268767295
- conda: https://conda.anaconda.org/conda-forge/linux-aarch64/libgomp-15.2.0-h8acb6b2_19.conda
  sha256: 2370ef0ffcbae5bede3c4bf136add4abc257245eb91f724c99bb4a43116c5a83
  md5: c5e8a379c4a2ec2aea4ba22758c001d9
  license: GPL-3.0-only WITH GCC-exception-3.1
  license_family: GPL
  size: 587387
  timestamp: 1778268674393
- conda: https://conda.anaconda.org/conda-forge/linux-aarch64/libhwy-1.4.0-h9b45113_0.conda
  sha256: 6583ca6181e2c70367a62951fb7e82fd63048ab667af3c254ca3ba35a8ea2a0c
  md5: 321d06ae401d0f7face5326d78f84fc8
  depends:
  - libgcc >=14
  - libstdcxx >=14
  license: Apache-2.0 OR BSD-3-Clause
  size: 947179
  timestamp: 1784325595902
- conda: https://conda.anaconda.org/conda-forge/linux-aarch64/libiconv-1.18-h90929bb_2.conda
  sha256: 1473451cd282b48d24515795a595801c9b65b567fe399d7e12d50b2d6cdb04d9
  md5: 5a86bf847b9b926f3a4f203339748d78
  depends:
  - libgcc >=14
  license: LGPL-2.1-only
  size: 791226
  timestamp: 1754910975665
- conda: https://conda.anaconda.org/conda-forge/linux-aarch64/libjpeg-turbo-3.2.0-he30d5cf_0.conda
  sha256: da3e45974c1f23c76264d6358463861236862052ca156e34b502ef3c27e36fb8
  md5: de0780a3690bffe75ac3fa70db84596d
  depends:
  - libgcc >=14
  constrains:
  - jpeg <0.0.0a
  license: IJG AND BSD-3-Clause AND Zlib
  size: 714602
  timestamp: 1783731816001
- conda: https://conda.anaconda.org/conda-forge/linux-aarch64/libjxl-0.12.0-hbae46ee_1.conda
  sha256: 476f42670da6c1ad30d0cc830a9ef995975c14075d626e261c8dd1dd0db41558
  md5: e89355bfbc02eeeb0798ac4304968d65
  depends:
  - libgcc >=14
  - libstdcxx >=14
  - libhwy >=1.4.0,<1.5.0a0
  - libbrotlienc >=1.2.0,<1.3.0a0
  - libbrotlidec >=1.2.0,<1.3.0a0
  license: BSD-3-Clause
  license_family: BSD
  size: 2176891
  timestamp: 1783146026809
- conda: https://conda.anaconda.org/conda-forge/linux-aarch64/libkml-1.3.0-h39bb75a_1023.conda
  sha256: 7744cd3f8c925209355d68bc04c904e6b2e1528ad996ae4f0d4718912e5be712
  md5: f3f715e51f06e2d58049d635fb52398f
  depends:
  - libexpat >=2.7.5,<3.0a0
  - libgcc >=14
  - libstdcxx >=14
  - libzlib >=1.3.2,<2.0a0
  - uriparser >=0.9.8,<1.0a0
  license: BSD-3-Clause
  license_family: BSD
  size: 378783
  timestamp: 1777026544981
- conda: https://conda.anaconda.org/conda-forge/linux-aarch64/liblapack-3.11.0-8_h88aeb00_openblas.conda
  build_number: 8
  sha256: d269a684afa0b2fdb44d6b60167f854f30410cdb5ee49a7275c026f6b10c8d05
  md5: 3af3f2aa755abc5e91351114ae214f55
  depends:
  - libblas 3.11.0 8_haddc8a3_openblas
  constrains:
  - libcblas   3.11.0   8*_openblas
  - liblapacke 3.11.0   8*_openblas
  - blas 2.308   openblas
  license: BSD-3-Clause
  license_family: BSD
  size: 18828
  timestamp: 1779859055749
- conda: https://conda.anaconda.org/conda-forge/linux-aarch64/liblzma-5.8.3-he30d5cf_0.conda
  sha256: d61962b9cd54c3554361550203c64d5b65b71e3058a285b66e4b04b9769f0a5c
  md5: 76298a9e6d71ee6e832a8d0d7373b261
  depends:
  - libgcc >=14
  constrains:
  - xz 5.8.3.*
  license: 0BSD
  size: 126102
  timestamp: 1775828008518
- conda: https://conda.anaconda.org/conda-forge/linux-aarch64/libnghttp2-1.68.1-hd3077d7_0.conda
  sha256: 13782715b9eeebc4ad16d36e84ca569d1495e3516aea3fe546a32caa0a597d82
  md5: be5f0f007a4500a226ef001115535a3d
  depends:
  - c-ares >=1.34.6,<2.0a0
  - libev >=4.33,<4.34.0a0
  - libev >=4.33,<5.0a0
  - libgcc >=14
  - libstdcxx >=14
  - libzlib >=1.3.1,<2.0a0
  - openssl >=3.5.5,<4.0a0
  license: MIT
  license_family: MIT
  size: 726928
  timestamp: 1773854039807
- conda: https://conda.anaconda.org/conda-forge/linux-aarch64/libnsl-2.0.1-h86ecc28_1.conda
  sha256: c0dc4d84198e3eef1f37321299e48e2754ca83fd12e6284754e3cb231357c3a5
  md5: d5d58b2dc3e57073fe22303f5fed4db7
  depends:
  - libgcc >=13
  license: LGPL-2.1-only
  license_family: GPL
  size: 34831
  timestamp: 1750274211
- conda: https://conda.anaconda.org/conda-forge/linux-aarch64/libopenblas-0.3.33-pthreads_h9d3fd7e_0.conda
  sha256: b018ecfb05e75a8eea3f21f6b5c5c2a54b5178bdcf19e2e2df2735740214a8c8
  md5: 58a66cd95e9692f08abe89f55a6f3f12
  depends:
  - libgcc >=14
  - libgfortran
  - libgfortran5 >=14.3.0
  constrains:
  - openblas >=0.3.33,<0.3.34.0a0
  license: BSD-3-Clause
  license_family: BSD
  size: 5121336
  timestamp: 1776993423004
- conda: https://conda.anaconda.org/conda-forge/linux-aarch64/libpng-1.6.58-h1abf092_0.conda
  sha256: 483eaa53da40a6a3e558709d9f7b1ca388735364ae21a1ba58cf942514649c92
  md5: f51503ac45a4888bce71af9027a2ecc9
  depends:
  - libgcc >=14
  - libzlib >=1.3.2,<2.0a0
  license: zlib-acknowledgement
  size: 341202
  timestamp: 1776315188425
- conda: https://conda.anaconda.org/conda-forge/linux-aarch64/libpsl-0.22.0-h9aac952_1.conda
  sha256: 15ec553e784f2b8601c3df58e1dbe723309303c5ed405bc671bffae722c81023
  md5: f8f91448e5ba30051ceb17b45b31da9b
  depends:
  - icu >=78.3,<79.0a0
  - libgcc >=14
  - libstdcxx >=14
  license: MIT
  license_family: MIT
  size: 71121
  timestamp: 1783936885865
- conda: https://conda.anaconda.org/conda-forge/linux-aarch64/librttopo-1.1.0-h783d356_20.conda
  sha256: e188f6a43bda8abc6f7126d0c53e42f191a71bb8bbbaefee696826bebaa823c9
  md5: 4a3c9d1a89795de44addd82354027a98
  depends:
  - geos >=3.14.1,<3.14.2.0a0
  - libgcc >=14
  - libstdcxx >=14
  license: GPL-2.0-or-later
  license_family: GPL
  size: 256533
  timestamp: 1761670330148
- conda: https://conda.anaconda.org/conda-forge/linux-aarch64/libspatialite-5.1.0-gpl_hb93075d_120.conda
  sha256: 649ba61705c2ee03ac62d0849b3b688753efffac836e216817e27fe405f84f8f
  md5: c691b66f3ad96a9dc3c2a9b73acf95c0
  depends:
  - freexl >=2
  - freexl >=2.0.0,<3.0a0
  - geos >=3.14.1,<3.14.2.0a0
  - libgcc >=14
  - librttopo >=1.1.0,<1.2.0a0
  - libsqlite >=3.51.2,<4.0a0
  - libstdcxx >=14
  - libxml2
  - libxml2-16 >=2.14.6
  - libxml2-devel
  - libzlib >=1.3.1,<2.0a0
  - proj >=9.8.0,<9.9.0a0
  - sqlite
  - zlib
  license: MPL-1.1
  license_family: MOZILLA
  size: 4040211
  timestamp: 1772595274890
- conda: https://conda.anaconda.org/conda-forge/linux-aarch64/libsqlite-3.53.3-h10b116e_0.conda
  sha256: a835400072fb638fb582ee9fc2271169da84cbcad664d28b852610201116027e
  md5: 2cd50877f494b34383af22560ced8b04
  depends:
  - icu >=78.3,<79.0a0
  - libgcc >=14
  - libzlib >=1.3.2,<2.0a0
  license: blessing
  size: 968420
  timestamp: 1782519054102
- conda: https://conda.anaconda.org/conda-forge/linux-aarch64/libssh2-1.11.1-h18c354c_0.conda
  sha256: 1e289bcce4ee6a5817a19c66e296f3c644dcfa6e562e5c1cba807270798814e7
  md5: eecc495bcfdd9da8058969656f916cc2
  depends:
  - libgcc >=13
  - libzlib >=1.3.1,<2.0a0
  - openssl >=3.5.0,<4.0a0
  license: BSD-3-Clause
  license_family: BSD
  size: 311396
  timestamp: 1745609845915
- conda: https://conda.anaconda.org/conda-forge/linux-aarch64/libstdcxx-15.2.0-hef695bb_19.conda
  sha256: 1dadc45e599f510dd5f97141dddcdbb9844d9f1430c1f3a38075cf1c58f87b4e
  md5: 543fbc8d71f2a0baf04cf88ce96cb8bb
  depends:
  - libgcc 15.2.0 h8acb6b2_19
  constrains:
  - libstdcxx-ng ==15.2.0=*_19
  license: GPL-3.0-only WITH GCC-exception-3.1
  license_family: GPL
  size: 5546559
  timestamp: 1778268777463
- conda: https://conda.anaconda.org/conda-forge/linux-aarch64/libstdcxx-ng-15.2.0-hdbbeba8_19.conda
  sha256: 56b5ec297a988961486694f1c598889c3a697d77a0b42b8cea3faaa12e9bd360
  md5: c82ed61c3ec470c5ec624580e6ba16e4
  depends:
  - libstdcxx 15.2.0 hef695bb_19
  license: GPL-3.0-only WITH GCC-exception-3.1
  license_family: GPL
  size: 27803
  timestamp: 1778268813278
- conda: https://conda.anaconda.org/conda-forge/linux-aarch64/libtiff-4.7.2-hdb009f0_0.conda
  sha256: ef1006578ef7e3f7c420e89d87846213ceb3fdcef2626af2558cbede53d36839
  md5: 20166e2297c1cac346b544d5f6197440
  depends:
  - lerc >=4.1.0,<5.0a0
  - libdeflate >=1.25,<1.26.0a0
  - libgcc >=14
  - libjpeg-turbo >=3.1.4.1,<4.0a0
  - liblzma >=5.8.3,<6.0a0
  - libstdcxx >=14
  - libwebp-base >=1.6.0,<2.0a0
  - libzlib >=1.3.2,<2.0a0
  - zstd >=1.5.7,<1.6.0a0
  license: HPND
  size: 508982
  timestamp: 1783084925965
- conda: https://conda.anaconda.org/conda-forge/linux-aarch64/libuuid-2.42.2-h1022ec0_0.conda
  sha256: 7663489f97c104ae3814db10f384932c74b439f3c1fd4247e4fe3599830c090a
  md5: 58fa42bc4bc71fc329889497ec15effb
  depends:
  - libgcc >=14
  license: BSD-3-Clause
  license_family: BSD
  size: 43248
  timestamp: 1781625528371
- conda: https://conda.anaconda.org/conda-forge/linux-aarch64/libwebp-base-1.6.0-ha2e29f5_0.conda
  sha256: b03700a1f741554e8e5712f9b06dd67e76f5301292958cd3cb1ac8c6fdd9ed25
  md5: 24e92d0942c799db387f5c9d7b81f1af
  depends:
  - libgcc >=14
  constrains:
  - libwebp 1.6.0
  license: BSD-3-Clause
  license_family: BSD
  size: 359496
  timestamp: 1752160685488
- conda: https://conda.anaconda.org/conda-forge/linux-aarch64/libxcrypt-4.4.36-h31becfc_1.conda
  sha256: 6b46c397644091b8a26a3048636d10b989b1bf266d4be5e9474bf763f828f41f
  md5: b4df5d7d4b63579d081fd3a4cf99740e
  depends:
  - libgcc-ng >=12
  license: LGPL-2.1-or-later
  size: 114269
  timestamp: 1702724369203
- conda: https://conda.anaconda.org/conda-forge/linux-aarch64/libxml2-2.15.3-h869d058_0.conda
  sha256: e3af6af9df73bd3c7a8e4e6c8cc38df3699e7f588b0705c257a8601e40acfbdf
  md5: 2cffef27cb2eb9ed1e315a1e269d4335
  depends:
  - icu >=78.3,<79.0a0
  - libgcc >=14
  - libiconv >=1.18,<2.0a0
  - liblzma >=5.8.3,<6.0a0
  - libxml2-16 2.15.3 h79dcc73_0
  - libzlib >=1.3.2,<2.0a0
  license: MIT
  license_family: MIT
  size: 48101
  timestamp: 1776376766341
- conda: https://conda.anaconda.org/conda-forge/linux-aarch64/libxml2-16-2.15.3-h79dcc73_0.conda
  sha256: ad048a9ca1bf2cdfedb2b0c231050da416c44ee1436a3d1a83b51d2e2deaa842
  md5: 68866231cfe8789e780347f2482df96d
  depends:
  - icu >=78.3,<79.0a0
  - libgcc >=14
  - libiconv >=1.18,<2.0a0
  - liblzma >=5.8.3,<6.0a0
  - libzlib >=1.3.2,<2.0a0
  constrains:
  - libxml2 2.15.3
  license: MIT
  license_family: MIT
  size: 601948
  timestamp: 1776376758674
- conda: https://conda.anaconda.org/conda-forge/linux-aarch64/libxml2-devel-2.15.3-h869d058_0.conda
  sha256: 5c1423396f6e98825669478e4a7aed5b0fbd8639a013fb644ae193931459dfd6
  md5: d4a8ecf2fa4fa3428265896e407b08af
  depends:
  - icu >=78.3,<79.0a0
  - libgcc >=14
  - libiconv >=1.18,<2.0a0
  - liblzma >=5.8.3,<6.0a0
  - libxml2 2.15.3 h869d058_0
  - libxml2-16 2.15.3 h79dcc73_0
  - libzlib >=1.3.2,<2.0a0
  license: MIT
  license_family: MIT
  size: 80531
  timestamp: 1776376773137
- conda: https://conda.anaconda.org/conda-forge/linux-aarch64/libzlib-1.3.2-hdc9db2a_2.conda
  sha256: eb111e32e5a7313a5bf799c7fb2419051fa2fe7eff74769fac8d5a448b309f7f
  md5: 502006882cf5461adced436e410046d1
  constrains:
  - zlib 1.3.2 *_2
  license: Zlib
  license_family: Other
  size: 69833
  timestamp: 1774072605429
- conda: https://conda.anaconda.org/conda-forge/linux-aarch64/lz4-c-1.10.0-h5ad3122_1.conda
  sha256: 67e55058d275beea76c1882399640c37b5be8be4eb39354c94b610928e9a0573
  md5: 6654e411da94011e8fbe004eacb8fe11
  depends:
  - libgcc >=13
  - libstdcxx >=13
  license: BSD-2-Clause
  license_family: BSD
  size: 184953
  timestamp: 1733740984533
- conda: https://conda.anaconda.org/conda-forge/linux-aarch64/lzo-2.10-h80f16a2_1002.conda
  sha256: 036428c7b9fd22889108d04c91cecc431f95dc3dba2ede3057330c8125080fd5
  md5: 97af2e332449dd9e92ad7db93b02e918
  depends:
  - libgcc >=14
  license: GPL-2.0-or-later
  license_family: GPL
  size: 190187
  timestamp: 1753889356434
- conda: https://conda.anaconda.org/conda-forge/linux-aarch64/minizip-4.2.2-hd80d073_0.conda
  sha256: c6b98aed13f8bd1af05e1e0314e90e268ccb6c832b3bc07f10b3f3ba0ea57d86
  md5: d6b3f9bdb8258138bec0ca135f2f6df7
  depends:
  - bzip2 >=1.0.8,<2.0a0
  - libgcc >=14
  - libiconv >=1.18,<2.0a0
  - liblzma >=5.8.3,<6.0a0
  - libstdcxx >=14
  - libzlib >=1.3.2,<2.0a0
  - openssl >=3.5.7,<4.0a0
  - zstd >=1.5.7,<1.6.0a0
  license: Zlib
  license_family: Other
  size: 513123
  timestamp: 1782851818831
- conda: https://conda.anaconda.org/conda-forge/linux-aarch64/muparser-2.3.5-h5ad3122_0.conda
  sha256: 701cc164c34d31efc06e77b30173df38a4995ae6f1ff8cb79fbb2bc222e5bcea
  md5: 0aa0b930694d6987ea4e95db86c7946d
  depends:
  - libgcc >=13
  - libstdcxx >=13
  license: MIT
  license_family: MIT
  size: 179867
  timestamp: 1747116846991
- conda: https://conda.anaconda.org/conda-forge/linux-aarch64/ncurses-6.6-hf8d1292_0.conda
  sha256: 369db85c5cd8d99dde364ce70725d76511d9c8199e5b820c740414091bf5bcca
  md5: b2a43456aa56fe80c2477a5094899eff
  depends:
  - libgcc >=14
  license: X11 AND BSD-3-Clause
  size: 960036
  timestamp: 1777422174534
- conda: https://conda.anaconda.org/conda-forge/linux-aarch64/numpy-2.5.1-py312hce9e0af_0.conda
  sha256: 3116431b4ad9ac1d88ef3d78555fabe1ef6def58bc1d0159e31dbe221cf5ee2b
  md5: de1fdf9d91f160b6ff3744ce003c488d
  depends:
  - python
  - libstdcxx >=14
  - libgcc >=14
  - python_abi 3.12.* *_cp312
  - liblapack >=3.9.0,<4.0a0
  - libblas >=3.9.0,<4.0a0
  - libcblas >=3.9.0,<4.0a0
  constrains:
  - numpy-base <0a0
  license: BSD-3-Clause
  license_family: BSD
  size: 8009002
  timestamp: 1783206217130
- conda: https://conda.anaconda.org/conda-forge/linux-aarch64/openssl-3.6.3-h546c87b_0.conda
  sha256: da4a5df42614166b69c2f6d8602fc1425f7aaa699f77c3bafb5c7fe69b3d9fb7
  md5: fa6260b3e6eababf6ca85a7eb3336383
  depends:
  - ca-certificates
  - libgcc >=14
  license: Apache-2.0
  license_family: Apache
  size: 3704664
  timestamp: 1781069675555
- conda: https://conda.anaconda.org/conda-forge/linux-aarch64/pcre2-10.47-hf841c20_0.conda
  sha256: 04df2cee95feba440387f33f878e9f655521e69f4be33a0cd637f07d3d81f0f9
  md5: 1a30c42e32ca0ea216bd0bfe6f842f0b
  depends:
  - bzip2 >=1.0.8,<2.0a0
  - libgcc >=14
  - libzlib >=1.3.1,<2.0a0
  license: BSD-3-Clause
  license_family: BSD
  size: 1166552
  timestamp: 1763655534263
- conda: https://conda.anaconda.org/conda-forge/linux-aarch64/proj-9.8.1-hd211770_0.conda
  sha256: f35042c42b8a3b8037b76d728cd118b01287e4347f18e2126cb8abd1c40da82c
  md5: 9e903fff96157635bbdccadef9ef2d4f
  depends:
  - sqlite
  - libtiff
  - libcurl
  - libstdcxx >=14
  - libgcc >=14
  - libsqlite >=3.53.0,<4.0a0
  - libtiff >=4.7.1,<4.8.0a0
  - libcurl >=8.19.0,<9.0a0
  constrains:
  - proj4 ==999999999999
  license: MIT
  license_family: MIT
  size: 3561680
  timestamp: 1775840266039
- conda: https://conda.anaconda.org/conda-forge/linux-aarch64/python-3.12.13-h91f4b29_0_cpython.conda
  sha256: 61933478813f5fd96c89a00dd964201b0266d71d2e3bc4dd5679354056e46948
  md5: 8aed8fdbbc03a5c9f455d20ce75a9dce
  depends:
  - bzip2 >=1.0.8,<2.0a0
  - ld_impl_linux-aarch64 >=2.36.1
  - libexpat >=2.7.4,<3.0a0
  - libffi >=3.5.2,<3.6.0a0
  - libgcc >=14
  - liblzma >=5.8.2,<6.0a0
  - libnsl >=2.0.1,<2.1.0a0
  - libsqlite >=3.51.2,<4.0a0
  - libuuid >=2.41.3,<3.0a0
  - libxcrypt >=4.4.36
  - libzlib >=1.3.1,<2.0a0
  - ncurses >=6.5,<7.0a0
  - openssl >=3.5.5,<4.0a0
  - readline >=8.3,<9.0a0
  - tk >=8.6.13,<8.7.0a0
  - tzdata
  constrains:
  - python_abi 3.12.* *_cp312
  license: Python-2.0
  size: 13757191
  timestamp: 1772728951853
- conda: https://conda.anaconda.org/conda-forge/noarch/python_abi-3.12-8_cp312.conda
  build_number: 8
  sha256: 80677180dd3c22deb7426ca89d6203f1c7f1f256f2d5a94dc210f6e758229809
  md5: c3efd25ac4d74b1584d2f7a57195ddf1
  constrains:
  - python 3.12.* *_cpython
  license: BSD-3-Clause
  license_family: BSD
  size: 6958
  timestamp: 1752805918820
- conda: https://conda.anaconda.org/conda-forge/linux-aarch64/readline-8.3-hb682ff5_0.conda
  sha256: fe695f9d215e9a2e3dd0ca7f56435ab4df24f5504b83865e3d295df36e88d216
  md5: 3d49cad61f829f4f0e0611547a9cda12
  depends:
  - libgcc >=14
  - ncurses >=6.5,<7.0a0
  license: GPL-3.0-only
  license_family: GPL
  size: 357597
  timestamp: 1765815673644
- conda: https://conda.anaconda.org/conda-forge/linux-aarch64/snappy-1.2.2-he774c54_1.conda
  sha256: a8a79c53852fb07286407907402caa5a96b6e22b518c4f010be40647f9ee3726
  md5: 3dec912091fb88614afa0af2712c1362
  depends:
  - libgcc >=14
  - libstdcxx >=14
  - libgcc >=14
  license: BSD-3-Clause
  license_family: BSD
  size: 47096
  timestamp: 1762948094646
- conda: https://conda.anaconda.org/conda-forge/linux-aarch64/sqlite-3.53.3-hf1c7be2_0.conda
  sha256: aa38995231e12c2c9ad1d988561ab02fe1e8b397577bfafc94841b9b0e23e40f
  md5: 0f92a462399f790fdfb6e7c5941ae551
  depends:
  - icu >=78.3,<79.0a0
  - libgcc >=14
  - libsqlite 3.53.3 h10b116e_0
  - libzlib >=1.3.2,<2.0a0
  - ncurses >=6.6,<7.0a0
  - readline >=8.3,<9.0a0
  license: blessing
  size: 215067
  timestamp: 1782519058627
- conda: https://conda.anaconda.org/conda-forge/linux-aarch64/tk-8.6.13-noxft_h5cf4473_3.conda
  build_number: 103
  sha256: cd51fbda051a9f3679d10ef4a94cd1ff38c10533b82845dadce8ba87245ba4ce
  md5: 89e78452e06563964e419059ee45584a
  depends:
  - libgcc >=14
  - libzlib >=1.3.2,<2.0a0
  constrains:
  - xorg-libx11 >=1.8.13,<2.0a0
  license: TCL
  size: 3683040
  timestamp: 1784229053797
- conda: https://conda.anaconda.org/conda-forge/noarch/tzdata-2026c-h151e31d_0.conda
  sha256: b928c30ddcb0e3f544c6eade8352737e6e610e263276b90232db6a578ef899d8
  md5: fcb489df604d100968b737f2cb6076c6
  license: LicenseRef-Public-Domain
  size: 118849
  timestamp: 1784250406640
- conda: https://conda.anaconda.org/conda-forge/linux-aarch64/uriparser-0.9.8-h0a1ffab_0.conda
  sha256: e77ca5aea9a200f751bbc29ec926315d6d04240e7f4f8895ac13c438aafde422
  md5: 7e9a7e1e1e9d6e827d2cfda21c22853e
  depends:
  - libgcc-ng >=12
  - libstdcxx-ng >=12
  license: BSD-3-Clause
  license_family: BSD
  size: 48473
  timestamp: 1715009966295
- conda: https://conda.anaconda.org/conda-forge/linux-aarch64/uv-0.11.29-hbe9c82f_0.conda
  sha256: f17967c3ed7ad0b92ca97a7abfdf3e556d91649cbd74a1dd35962a333cfbed78
  md5: ef5ef192c6e6f74b6b1271b248336104
  depends:
  - libgcc >=14
  - libstdcxx >=14
  constrains:
  - __glibc >=2.17
  license: Apache-2.0 OR MIT
  size: 20306087
  timestamp: 1784166394558
- conda: https://conda.anaconda.org/conda-forge/linux-aarch64/xerces-c-3.3.0-h5dc9dfc_1.conda
  sha256: 8055227f27d4b7fada4802b9ff87cec810532412ca863a7644cb8ae94428d6c0
  md5: 8cf4c23b73a1c8a50df7f6fc14ab4f8a
  depends:
  - icu >=78.1,<79.0a0
  - libgcc >=14
  - libnsl >=2.0.1,<2.1.0a0
  - libstdcxx >=14
  license: Apache-2.0
  license_family: Apache
  size: 1655173
  timestamp: 1766327536639
- conda: https://conda.anaconda.org/conda-forge/linux-aarch64/zlib-1.3.2-hdc9db2a_2.conda
  sha256: d651731b45f2d84591881da3ce3e4107a9ba6709fe790dbd5f7b8d9c89a02ed7
  md5: 493587274c81b34d198b085b46a86eaa
  depends:
  - libzlib 1.3.2 hdc9db2a_2
  license: Zlib
  license_family: Other
  size: 100515
  timestamp: 1774072641977
- conda: https://conda.anaconda.org/conda-forge/linux-aarch64/zstd-1.5.7-h85ac4a6_6.conda
  sha256: 569990cf12e46f9df540275146da567d9c618c1e9c7a0bc9d9cfefadaed20b75
  md5: c3655f82dcea2aa179b291e7099c1fcc
  depends:
  - libzlib >=1.3.1,<2.0a0
  license: BSD-3-Clause
  license_family: BSD
  size: 614429
  timestamp: 1764777145593
